
Microsoft Visual Studio Solution File, Format Version 12.00
# Visual Studio 15
VisualStudioVersion = 15.0.27703.2035
MinimumVisualStudioVersion = 10.0.40219.1
Project("{FAE04EC0-301F-11D3-BF4B-00C04F79EFBC}") = "CoinDispenser", "CoinDispenser\CoinDispenser.csproj", "{C1CE1721-E3A3-4020-B871-8CBC0AA0154A}"
EndProject
Global
	GlobalSection(SolutionConfigurationPlatforms) = preSolution
		Debug|Any CPU = Debug|Any CPU
		Release|Any CPU = Release|Any CPU
	EndGlobalSection
	GlobalSection(ProjectConfigurationPlatforms) = postSolution
		{C1CE1721-E3A3-4020-B871-8CBC0AA0154A}.Debug|Any CPU.ActiveCfg = Debug|Any CPU
		{C1CE1721-E3A3-4020-B871-8CBC0AA0154A}.Debug|Any CPU.Build.0 = Debug|Any CPU
		{C1CE1721-E3A3-4020-B871-8CBC0AA0154A}.Release|Any CPU.ActiveCfg = Release|Any CPU
		{C1CE1721-E3A3-4020-B871-8CBC0AA0154A}.Release|Any CPU.Build.0 = Release|Any CPU
	EndGlobalSection
	GlobalSection(SolutionProperties) = preSolution
		HideSolutionNode = FALSE
	EndGlobalSection
	GlobalSection(ExtensibilityGlobals) = postSolution
		SolutionGuid = {C3A3D0A0-03D8-4011-853E-CBCA295E9FFE}
	EndGlobalSection
EndGlobal
