
Microsoft Visual Studio Solution File, Format Version 12.00
# Visual Studio 15
VisualStudioVersion = 15.0.27703.2035
MinimumVisualStudioVersion = 10.0.40219.1
Project("{FAE04EC0-301F-11D3-BF4B-00C04F79EFBC}") = "CashReceiver", "CashReceiver\CashReceiver.csproj", "{5748EBB9-EE48-40C5-A882-5B8519262C71}"
EndProject
Global
	GlobalSection(SolutionConfigurationPlatforms) = preSolution
		Debug|Any CPU = Debug|Any CPU
		Release|Any CPU = Release|Any CPU
	EndGlobalSection
	GlobalSection(ProjectConfigurationPlatforms) = postSolution
		{5748EBB9-EE48-40C5-A882-5B8519262C71}.Debug|Any CPU.ActiveCfg = Debug|Any CPU
		{5748EBB9-EE48-40C5-A882-5B8519262C71}.Debug|Any CPU.Build.0 = Debug|Any CPU
		{5748EBB9-EE48-40C5-A882-5B8519262C71}.Release|Any CPU.ActiveCfg = Release|Any CPU
		{5748EBB9-EE48-40C5-A882-5B8519262C71}.Release|Any CPU.Build.0 = Release|Any CPU
	EndGlobalSection
	GlobalSection(SolutionProperties) = preSolution
		HideSolutionNode = FALSE
	EndGlobalSection
	GlobalSection(ExtensibilityGlobals) = postSolution
		SolutionGuid = {2BBCEE01-B3A4-4D3B-99E1-CC297E7DA51B}
	EndGlobalSection
EndGlobal
