
Microsoft Visual Studio Solution File, Format Version 12.00
# Visual Studio 14
VisualStudioVersion = 14.0.25420.1
MinimumVisualStudioVersion = 10.0.40219.1
Project("{F184B08F-C81C-45F6-A57F-5ABD9991F28F}") = "PeripheralController", "PeripheralController\PeripheralController.vbproj", "{C6F7BC48-DE01-4D8C-ACF8-DE24253ADEEB}"
EndProject
Project("{FAE04EC0-301F-11D3-BF4B-00C04F79EFBC}") = "CashReceiver", "CashReceiver\CashReceiver\CashReceiver.csproj", "{5748EBB9-EE48-40C5-A882-5B8519262C71}"
EndProject
Project("{FAE04EC0-301F-11D3-BF4B-00C04F79EFBC}") = "CoinReciever", "CoinReceiver\CoinReciever\CoinReciever.csproj", "{F00B2836-97B0-422C-8C34-067D6588058F}"
EndProject
Project("{FAE04EC0-301F-11D3-BF4B-00C04F79EFBC}") = "Controller", "Controller\Controller\Controller.csproj", "{06E40ABD-E6FB-4001-9D67-4B80000F212F}"
EndProject
Project("{FAE04EC0-301F-11D3-BF4B-00C04F79EFBC}") = "CoinDispenser", "CoinDispenser\CoinDispenser\CoinDispenser.csproj", "{C1CE1721-E3A3-4020-B871-8CBC0AA0154A}"
EndProject
Project("{FAE04EC0-301F-11D3-BF4B-00C04F79EFBC}") = "CashDispenser", "CashDispenser\CashDispenser\CashDispenser.csproj", "{D0E0A169-0C8B-4D59-838E-EA733F7DCB70}"
EndProject
Project("{FAE04EC0-301F-11D3-BF4B-00C04F79EFBC}") = "SimDispenser", "SimDispenser\SimDispenser\SimDispenser.csproj", "{81B3DF48-67D4-4AB4-806C-63712CA35780}"
EndProject
Project("{FAE04EC0-301F-11D3-BF4B-00C04F79EFBC}") = "QuantumPassport", "QuantumPassport\QuantumPassport.csproj", "{8AD5BE24-B43F-411C-8E29-20918B987F57}"
EndProject
Project("{FAE04EC0-301F-11D3-BF4B-00C04F79EFBC}") = "ThaiNationalIDCard", "ThaiNationalIDCard\ThaiNationalIDCard.csproj", "{437C37AD-D733-46EC-8348-69B75F64B62F}"
EndProject
Global
	GlobalSection(SolutionConfigurationPlatforms) = preSolution
		Debug|Any CPU = Debug|Any CPU
		Release|Any CPU = Release|Any CPU
		release-40|Any CPU = release-40|Any CPU
		release-45|Any CPU = release-45|Any CPU
		release-452|Any CPU = release-452|Any CPU
		release-46|Any CPU = release-46|Any CPU
		release-461|Any CPU = release-461|Any CPU
	EndGlobalSection
	GlobalSection(ProjectConfigurationPlatforms) = postSolution
		{C6F7BC48-DE01-4D8C-ACF8-DE24253ADEEB}.Debug|Any CPU.ActiveCfg = Debug|Any CPU
		{C6F7BC48-DE01-4D8C-ACF8-DE24253ADEEB}.Debug|Any CPU.Build.0 = Debug|Any CPU
		{C6F7BC48-DE01-4D8C-ACF8-DE24253ADEEB}.Release|Any CPU.ActiveCfg = Release|Any CPU
		{C6F7BC48-DE01-4D8C-ACF8-DE24253ADEEB}.Release|Any CPU.Build.0 = Release|Any CPU
		{C6F7BC48-DE01-4D8C-ACF8-DE24253ADEEB}.release-40|Any CPU.ActiveCfg = Release|Any CPU
		{C6F7BC48-DE01-4D8C-ACF8-DE24253ADEEB}.release-40|Any CPU.Build.0 = Release|Any CPU
		{C6F7BC48-DE01-4D8C-ACF8-DE24253ADEEB}.release-45|Any CPU.ActiveCfg = Release|Any CPU
		{C6F7BC48-DE01-4D8C-ACF8-DE24253ADEEB}.release-45|Any CPU.Build.0 = Release|Any CPU
		{C6F7BC48-DE01-4D8C-ACF8-DE24253ADEEB}.release-452|Any CPU.ActiveCfg = Release|Any CPU
		{C6F7BC48-DE01-4D8C-ACF8-DE24253ADEEB}.release-452|Any CPU.Build.0 = Release|Any CPU
		{C6F7BC48-DE01-4D8C-ACF8-DE24253ADEEB}.release-46|Any CPU.ActiveCfg = Release|Any CPU
		{C6F7BC48-DE01-4D8C-ACF8-DE24253ADEEB}.release-46|Any CPU.Build.0 = Release|Any CPU
		{C6F7BC48-DE01-4D8C-ACF8-DE24253ADEEB}.release-461|Any CPU.ActiveCfg = Release|Any CPU
		{C6F7BC48-DE01-4D8C-ACF8-DE24253ADEEB}.release-461|Any CPU.Build.0 = Release|Any CPU
		{5748EBB9-EE48-40C5-A882-5B8519262C71}.Debug|Any CPU.ActiveCfg = Debug|Any CPU
		{5748EBB9-EE48-40C5-A882-5B8519262C71}.Debug|Any CPU.Build.0 = Debug|Any CPU
		{5748EBB9-EE48-40C5-A882-5B8519262C71}.Release|Any CPU.ActiveCfg = Release|Any CPU
		{5748EBB9-EE48-40C5-A882-5B8519262C71}.Release|Any CPU.Build.0 = Release|Any CPU
		{5748EBB9-EE48-40C5-A882-5B8519262C71}.release-40|Any CPU.ActiveCfg = Release|Any CPU
		{5748EBB9-EE48-40C5-A882-5B8519262C71}.release-40|Any CPU.Build.0 = Release|Any CPU
		{5748EBB9-EE48-40C5-A882-5B8519262C71}.release-45|Any CPU.ActiveCfg = Release|Any CPU
		{5748EBB9-EE48-40C5-A882-5B8519262C71}.release-45|Any CPU.Build.0 = Release|Any CPU
		{5748EBB9-EE48-40C5-A882-5B8519262C71}.release-452|Any CPU.ActiveCfg = Release|Any CPU
		{5748EBB9-EE48-40C5-A882-5B8519262C71}.release-452|Any CPU.Build.0 = Release|Any CPU
		{5748EBB9-EE48-40C5-A882-5B8519262C71}.release-46|Any CPU.ActiveCfg = Release|Any CPU
		{5748EBB9-EE48-40C5-A882-5B8519262C71}.release-46|Any CPU.Build.0 = Release|Any CPU
		{5748EBB9-EE48-40C5-A882-5B8519262C71}.release-461|Any CPU.ActiveCfg = Release|Any CPU
		{5748EBB9-EE48-40C5-A882-5B8519262C71}.release-461|Any CPU.Build.0 = Release|Any CPU
		{F00B2836-97B0-422C-8C34-067D6588058F}.Debug|Any CPU.ActiveCfg = Debug|Any CPU
		{F00B2836-97B0-422C-8C34-067D6588058F}.Debug|Any CPU.Build.0 = Debug|Any CPU
		{F00B2836-97B0-422C-8C34-067D6588058F}.Release|Any CPU.ActiveCfg = Release|Any CPU
		{F00B2836-97B0-422C-8C34-067D6588058F}.Release|Any CPU.Build.0 = Release|Any CPU
		{F00B2836-97B0-422C-8C34-067D6588058F}.release-40|Any CPU.ActiveCfg = Release|Any CPU
		{F00B2836-97B0-422C-8C34-067D6588058F}.release-40|Any CPU.Build.0 = Release|Any CPU
		{F00B2836-97B0-422C-8C34-067D6588058F}.release-45|Any CPU.ActiveCfg = Release|Any CPU
		{F00B2836-97B0-422C-8C34-067D6588058F}.release-45|Any CPU.Build.0 = Release|Any CPU
		{F00B2836-97B0-422C-8C34-067D6588058F}.release-452|Any CPU.ActiveCfg = Release|Any CPU
		{F00B2836-97B0-422C-8C34-067D6588058F}.release-452|Any CPU.Build.0 = Release|Any CPU
		{F00B2836-97B0-422C-8C34-067D6588058F}.release-46|Any CPU.ActiveCfg = Release|Any CPU
		{F00B2836-97B0-422C-8C34-067D6588058F}.release-46|Any CPU.Build.0 = Release|Any CPU
		{F00B2836-97B0-422C-8C34-067D6588058F}.release-461|Any CPU.ActiveCfg = Release|Any CPU
		{F00B2836-97B0-422C-8C34-067D6588058F}.release-461|Any CPU.Build.0 = Release|Any CPU
		{06E40ABD-E6FB-4001-9D67-4B80000F212F}.Debug|Any CPU.ActiveCfg = Debug|Any CPU
		{06E40ABD-E6FB-4001-9D67-4B80000F212F}.Debug|Any CPU.Build.0 = Debug|Any CPU
		{06E40ABD-E6FB-4001-9D67-4B80000F212F}.Release|Any CPU.ActiveCfg = Release|Any CPU
		{06E40ABD-E6FB-4001-9D67-4B80000F212F}.Release|Any CPU.Build.0 = Release|Any CPU
		{06E40ABD-E6FB-4001-9D67-4B80000F212F}.release-40|Any CPU.ActiveCfg = Release|Any CPU
		{06E40ABD-E6FB-4001-9D67-4B80000F212F}.release-40|Any CPU.Build.0 = Release|Any CPU
		{06E40ABD-E6FB-4001-9D67-4B80000F212F}.release-45|Any CPU.ActiveCfg = Release|Any CPU
		{06E40ABD-E6FB-4001-9D67-4B80000F212F}.release-45|Any CPU.Build.0 = Release|Any CPU
		{06E40ABD-E6FB-4001-9D67-4B80000F212F}.release-452|Any CPU.ActiveCfg = Release|Any CPU
		{06E40ABD-E6FB-4001-9D67-4B80000F212F}.release-452|Any CPU.Build.0 = Release|Any CPU
		{06E40ABD-E6FB-4001-9D67-4B80000F212F}.release-46|Any CPU.ActiveCfg = Release|Any CPU
		{06E40ABD-E6FB-4001-9D67-4B80000F212F}.release-46|Any CPU.Build.0 = Release|Any CPU
		{06E40ABD-E6FB-4001-9D67-4B80000F212F}.release-461|Any CPU.ActiveCfg = Release|Any CPU
		{06E40ABD-E6FB-4001-9D67-4B80000F212F}.release-461|Any CPU.Build.0 = Release|Any CPU
		{C1CE1721-E3A3-4020-B871-8CBC0AA0154A}.Debug|Any CPU.ActiveCfg = Debug|Any CPU
		{C1CE1721-E3A3-4020-B871-8CBC0AA0154A}.Debug|Any CPU.Build.0 = Debug|Any CPU
		{C1CE1721-E3A3-4020-B871-8CBC0AA0154A}.Release|Any CPU.ActiveCfg = Release|Any CPU
		{C1CE1721-E3A3-4020-B871-8CBC0AA0154A}.Release|Any CPU.Build.0 = Release|Any CPU
		{C1CE1721-E3A3-4020-B871-8CBC0AA0154A}.release-40|Any CPU.ActiveCfg = Release|Any CPU
		{C1CE1721-E3A3-4020-B871-8CBC0AA0154A}.release-40|Any CPU.Build.0 = Release|Any CPU
		{C1CE1721-E3A3-4020-B871-8CBC0AA0154A}.release-45|Any CPU.ActiveCfg = Release|Any CPU
		{C1CE1721-E3A3-4020-B871-8CBC0AA0154A}.release-45|Any CPU.Build.0 = Release|Any CPU
		{C1CE1721-E3A3-4020-B871-8CBC0AA0154A}.release-452|Any CPU.ActiveCfg = Release|Any CPU
		{C1CE1721-E3A3-4020-B871-8CBC0AA0154A}.release-452|Any CPU.Build.0 = Release|Any CPU
		{C1CE1721-E3A3-4020-B871-8CBC0AA0154A}.release-46|Any CPU.ActiveCfg = Release|Any CPU
		{C1CE1721-E3A3-4020-B871-8CBC0AA0154A}.release-46|Any CPU.Build.0 = Release|Any CPU
		{C1CE1721-E3A3-4020-B871-8CBC0AA0154A}.release-461|Any CPU.ActiveCfg = Release|Any CPU
		{C1CE1721-E3A3-4020-B871-8CBC0AA0154A}.release-461|Any CPU.Build.0 = Release|Any CPU
		{D0E0A169-0C8B-4D59-838E-EA733F7DCB70}.Debug|Any CPU.ActiveCfg = Debug|Any CPU
		{D0E0A169-0C8B-4D59-838E-EA733F7DCB70}.Debug|Any CPU.Build.0 = Debug|Any CPU
		{D0E0A169-0C8B-4D59-838E-EA733F7DCB70}.Release|Any CPU.ActiveCfg = Release|Any CPU
		{D0E0A169-0C8B-4D59-838E-EA733F7DCB70}.Release|Any CPU.Build.0 = Release|Any CPU
		{D0E0A169-0C8B-4D59-838E-EA733F7DCB70}.release-40|Any CPU.ActiveCfg = Release|Any CPU
		{D0E0A169-0C8B-4D59-838E-EA733F7DCB70}.release-40|Any CPU.Build.0 = Release|Any CPU
		{D0E0A169-0C8B-4D59-838E-EA733F7DCB70}.release-45|Any CPU.ActiveCfg = Release|Any CPU
		{D0E0A169-0C8B-4D59-838E-EA733F7DCB70}.release-45|Any CPU.Build.0 = Release|Any CPU
		{D0E0A169-0C8B-4D59-838E-EA733F7DCB70}.release-452|Any CPU.ActiveCfg = Release|Any CPU
		{D0E0A169-0C8B-4D59-838E-EA733F7DCB70}.release-452|Any CPU.Build.0 = Release|Any CPU
		{D0E0A169-0C8B-4D59-838E-EA733F7DCB70}.release-46|Any CPU.ActiveCfg = Release|Any CPU
		{D0E0A169-0C8B-4D59-838E-EA733F7DCB70}.release-46|Any CPU.Build.0 = Release|Any CPU
		{D0E0A169-0C8B-4D59-838E-EA733F7DCB70}.release-461|Any CPU.ActiveCfg = Release|Any CPU
		{D0E0A169-0C8B-4D59-838E-EA733F7DCB70}.release-461|Any CPU.Build.0 = Release|Any CPU
		{81B3DF48-67D4-4AB4-806C-63712CA35780}.Debug|Any CPU.ActiveCfg = Debug|Any CPU
		{81B3DF48-67D4-4AB4-806C-63712CA35780}.Debug|Any CPU.Build.0 = Debug|Any CPU
		{81B3DF48-67D4-4AB4-806C-63712CA35780}.Release|Any CPU.ActiveCfg = Release|Any CPU
		{81B3DF48-67D4-4AB4-806C-63712CA35780}.Release|Any CPU.Build.0 = Release|Any CPU
		{81B3DF48-67D4-4AB4-806C-63712CA35780}.release-40|Any CPU.ActiveCfg = Release|Any CPU
		{81B3DF48-67D4-4AB4-806C-63712CA35780}.release-40|Any CPU.Build.0 = Release|Any CPU
		{81B3DF48-67D4-4AB4-806C-63712CA35780}.release-45|Any CPU.ActiveCfg = Release|Any CPU
		{81B3DF48-67D4-4AB4-806C-63712CA35780}.release-45|Any CPU.Build.0 = Release|Any CPU
		{81B3DF48-67D4-4AB4-806C-63712CA35780}.release-452|Any CPU.ActiveCfg = Release|Any CPU
		{81B3DF48-67D4-4AB4-806C-63712CA35780}.release-452|Any CPU.Build.0 = Release|Any CPU
		{81B3DF48-67D4-4AB4-806C-63712CA35780}.release-46|Any CPU.ActiveCfg = Release|Any CPU
		{81B3DF48-67D4-4AB4-806C-63712CA35780}.release-46|Any CPU.Build.0 = Release|Any CPU
		{81B3DF48-67D4-4AB4-806C-63712CA35780}.release-461|Any CPU.ActiveCfg = Release|Any CPU
		{81B3DF48-67D4-4AB4-806C-63712CA35780}.release-461|Any CPU.Build.0 = Release|Any CPU
		{8AD5BE24-B43F-411C-8E29-20918B987F57}.Debug|Any CPU.ActiveCfg = Debug|Any CPU
		{8AD5BE24-B43F-411C-8E29-20918B987F57}.Debug|Any CPU.Build.0 = Debug|Any CPU
		{8AD5BE24-B43F-411C-8E29-20918B987F57}.Release|Any CPU.ActiveCfg = Release|Any CPU
		{8AD5BE24-B43F-411C-8E29-20918B987F57}.Release|Any CPU.Build.0 = Release|Any CPU
		{8AD5BE24-B43F-411C-8E29-20918B987F57}.release-40|Any CPU.ActiveCfg = Release|Any CPU
		{8AD5BE24-B43F-411C-8E29-20918B987F57}.release-40|Any CPU.Build.0 = Release|Any CPU
		{8AD5BE24-B43F-411C-8E29-20918B987F57}.release-45|Any CPU.ActiveCfg = Release|Any CPU
		{8AD5BE24-B43F-411C-8E29-20918B987F57}.release-45|Any CPU.Build.0 = Release|Any CPU
		{8AD5BE24-B43F-411C-8E29-20918B987F57}.release-452|Any CPU.ActiveCfg = Release|Any CPU
		{8AD5BE24-B43F-411C-8E29-20918B987F57}.release-452|Any CPU.Build.0 = Release|Any CPU
		{8AD5BE24-B43F-411C-8E29-20918B987F57}.release-46|Any CPU.ActiveCfg = Release|Any CPU
		{8AD5BE24-B43F-411C-8E29-20918B987F57}.release-46|Any CPU.Build.0 = Release|Any CPU
		{8AD5BE24-B43F-411C-8E29-20918B987F57}.release-461|Any CPU.ActiveCfg = Release|Any CPU
		{8AD5BE24-B43F-411C-8E29-20918B987F57}.release-461|Any CPU.Build.0 = Release|Any CPU
		{437C37AD-D733-46EC-8348-69B75F64B62F}.Debug|Any CPU.ActiveCfg = Debug|Any CPU
		{437C37AD-D733-46EC-8348-69B75F64B62F}.Debug|Any CPU.Build.0 = Debug|Any CPU
		{437C37AD-D733-46EC-8348-69B75F64B62F}.Release|Any CPU.ActiveCfg = Release|Any CPU
		{437C37AD-D733-46EC-8348-69B75F64B62F}.Release|Any CPU.Build.0 = Release|Any CPU
		{437C37AD-D733-46EC-8348-69B75F64B62F}.release-40|Any CPU.ActiveCfg = release-40|Any CPU
		{437C37AD-D733-46EC-8348-69B75F64B62F}.release-40|Any CPU.Build.0 = release-40|Any CPU
		{437C37AD-D733-46EC-8348-69B75F64B62F}.release-45|Any CPU.ActiveCfg = release-45|Any CPU
		{437C37AD-D733-46EC-8348-69B75F64B62F}.release-45|Any CPU.Build.0 = release-45|Any CPU
		{437C37AD-D733-46EC-8348-69B75F64B62F}.release-452|Any CPU.ActiveCfg = release-452|Any CPU
		{437C37AD-D733-46EC-8348-69B75F64B62F}.release-452|Any CPU.Build.0 = release-452|Any CPU
		{437C37AD-D733-46EC-8348-69B75F64B62F}.release-46|Any CPU.ActiveCfg = release-46|Any CPU
		{437C37AD-D733-46EC-8348-69B75F64B62F}.release-46|Any CPU.Build.0 = release-46|Any CPU
		{437C37AD-D733-46EC-8348-69B75F64B62F}.release-461|Any CPU.ActiveCfg = release-461|Any CPU
		{437C37AD-D733-46EC-8348-69B75F64B62F}.release-461|Any CPU.Build.0 = release-461|Any CPU
	EndGlobalSection
	GlobalSection(SolutionProperties) = preSolution
		HideSolutionNode = FALSE
	EndGlobalSection
EndGlobal
