
Microsoft Visual Studio Solution File, Format Version 12.00
# Visual Studio 14
VisualStudioVersion = 14.0.25420.1
MinimumVisualStudioVersion = 10.0.40219.1
Project("{F184B08F-C81C-45F6-A57F-5ABD9991F28F}") = "PeripheralController", "PeripheralController\PeripheralController.vbproj", "{C6F7BC48-DE01-4D8C-ACF8-DE24253ADEEB}"
EndProject
Project("{FAE04EC0-301F-11D3-BF4B-00C04F79EFBC}") = "CashReceiver", "CashReceiver\CashReceiver\CashReceiver.csproj", "{5748EBB9-EE48-40C5-A882-5B8519262C71}"
EndProject
Project("{FAE04EC0-301F-11D3-BF4B-00C04F79EFBC}") = "CoinReciever", "CoinReceiver\CoinReciever\CoinReciever.csproj", "{F00B2836-97B0-422C-8C34-067D6588058F}"
EndProject
Project("{FAE04EC0-301F-11D3-BF4B-00C04F79EFBC}") = "Controller", "Controller\Controller\Controller.csproj", "{06E40ABD-E6FB-4001-9D67-4B80000F212F}"
EndProject
Project("{F184B08F-C81C-45F6-A57F-5ABD9991F28F}") = "Printer", "Printer\Printer.vbproj", "{261D72EA-1C25-4B8D-BF7C-937DD9121C37}"
EndProject
Global
	GlobalSection(SolutionConfigurationPlatforms) = preSolution
		Debug|Any CPU = Debug|Any CPU
		Release|Any CPU = Release|Any CPU
	EndGlobalSection
	GlobalSection(ProjectConfigurationPlatforms) = postSolution
		{C6F7BC48-DE01-4D8C-ACF8-DE24253ADEEB}.Debug|Any CPU.ActiveCfg = Debug|Any CPU
		{C6F7BC48-DE01-4D8C-ACF8-DE24253ADEEB}.Debug|Any CPU.Build.0 = Debug|Any CPU
		{C6F7BC48-DE01-4D8C-ACF8-DE24253ADEEB}.Release|Any CPU.ActiveCfg = Release|Any CPU
		{C6F7BC48-DE01-4D8C-ACF8-DE24253ADEEB}.Release|Any CPU.Build.0 = Release|Any CPU
		{5748EBB9-EE48-40C5-A882-5B8519262C71}.Debug|Any CPU.ActiveCfg = Debug|Any CPU
		{5748EBB9-EE48-40C5-A882-5B8519262C71}.Debug|Any CPU.Build.0 = Debug|Any CPU
		{5748EBB9-EE48-40C5-A882-5B8519262C71}.Release|Any CPU.ActiveCfg = Release|Any CPU
		{5748EBB9-EE48-40C5-A882-5B8519262C71}.Release|Any CPU.Build.0 = Release|Any CPU
		{F00B2836-97B0-422C-8C34-067D6588058F}.Debug|Any CPU.ActiveCfg = Debug|Any CPU
		{F00B2836-97B0-422C-8C34-067D6588058F}.Debug|Any CPU.Build.0 = Debug|Any CPU
		{F00B2836-97B0-422C-8C34-067D6588058F}.Release|Any CPU.ActiveCfg = Release|Any CPU
		{F00B2836-97B0-422C-8C34-067D6588058F}.Release|Any CPU.Build.0 = Release|Any CPU
		{06E40ABD-E6FB-4001-9D67-4B80000F212F}.Debug|Any CPU.ActiveCfg = Debug|Any CPU
		{06E40ABD-E6FB-4001-9D67-4B80000F212F}.Debug|Any CPU.Build.0 = Debug|Any CPU
		{06E40ABD-E6FB-4001-9D67-4B80000F212F}.Release|Any CPU.ActiveCfg = Release|Any CPU
		{06E40ABD-E6FB-4001-9D67-4B80000F212F}.Release|Any CPU.Build.0 = Release|Any CPU
		{261D72EA-1C25-4B8D-BF7C-937DD9121C37}.Debug|Any CPU.ActiveCfg = Debug|Any CPU
		{261D72EA-1C25-4B8D-BF7C-937DD9121C37}.Debug|Any CPU.Build.0 = Debug|Any CPU
		{261D72EA-1C25-4B8D-BF7C-937DD9121C37}.Release|Any CPU.ActiveCfg = Release|Any CPU
		{261D72EA-1C25-4B8D-BF7C-937DD9121C37}.Release|Any CPU.Build.0 = Release|Any CPU
	EndGlobalSection
	GlobalSection(SolutionProperties) = preSolution
		HideSolutionNode = FALSE
	EndGlobalSection
EndGlobal
